
Microsoft Visual Studio Solution File, Format Version 12.00
# Visual Studio Version 17
VisualStudioVersion = 17.4.33110.190
MinimumVisualStudioVersion = 10.0.40219.1
Project("{FAE04EC0-301F-11D3-BF4B-00C04F79EFBC}") = "TroskanWeb", "TroskanWeb\TroskanWeb.csproj", "{F96FE9E5-DB94-4F56-B990-C3C84569F55B}"
EndProject
Global
	GlobalSection(SolutionConfigurationPlatforms) = preSolution
		Debug|Any CPU = Debug|Any CPU
		Release|Any CPU = Release|Any CPU
	EndGlobalSection
	GlobalSection(ProjectConfigurationPlatforms) = postSolution
		{F96FE9E5-DB94-4F56-B990-C3C84569F55B}.Debug|Any CPU.ActiveCfg = Debug|Any CPU
		{F96FE9E5-DB94-4F56-B990-C3C84569F55B}.Debug|Any CPU.Build.0 = Debug|Any CPU
		{F96FE9E5-DB94-4F56-B990-C3C84569F55B}.Release|Any CPU.ActiveCfg = Release|Any CPU
		{F96FE9E5-DB94-4F56-B990-C3C84569F55B}.Release|Any CPU.Build.0 = Release|Any CPU
	EndGlobalSection
	GlobalSection(SolutionProperties) = preSolution
		HideSolutionNode = FALSE
	EndGlobalSection
	GlobalSection(ExtensibilityGlobals) = postSolution
		SolutionGuid = {05C0C5FA-EFC4-40BD-A25C-F1A630CF0C3B}
	EndGlobalSection
EndGlobal
